{
  "name": "UI-automation-sample",
  "version": "1.0.0",
  "lockfileVersion": 1,
  "requires": true,
  "dependencies": {
    "@playwright/test": {
      "version": "1.24.1",
      "resolved": "https://sitrion.myget.org/F/limeade-one-npm/auth/6e315e99-688a-45b1-bcd7-bf1e10ebd7f3/npm/@playwright/test/-/@playwright/test-1.24.1.tgz",
      "integrity": "sha1-tw9c0JCVMOF8dhCRi0X0rxVvFsQ=",
      "dev": true,
      "requires": {
        "@types/node": "*",
        "playwright-core": "1.24.1"
      },
      "dependencies": {
        "playwright-core": {
          "version": "1.24.1",
          "resolved": "https://sitrion.myget.org/F/limeade-one-npm/auth/6e315e99-688a-45b1-bcd7-bf1e10ebd7f3/npm/playwright-core/-/playwright-core-1.24.1.tgz",
          "integrity": "sha1-Ay7vqo9nSkJTpsNahnh/LL/NiCk=",
          "dev": true
        }
      }
    },
    "@types/node": {
      "version": "18.6.1",
      "resolved": "https://sitrion.myget.org/F/limeade-one-npm/auth/6e315e99-688a-45b1-bcd7-bf1e10ebd7f3/npm/@types/node/-/@types/node-18.6.1.tgz",
      "integrity": "sha1-go5HhczKE/ROL7aFKuDvEePiC6U=",
      "dev": true
    }
  }
}
